
Microsoft Visual Studio Solution File, Format Version 12.00
# Visual Studio 15
VisualStudioVersion = 15.0.27703.2026
MinimumVisualStudioVersion = 10.0.40219.1
Project("{8BC9CEB8-8B4A-11D0-8D11-00A0C91BC942}") = "2-1", "2-1\2-1.vcxproj", "{91A58BCF-2CD4-47B9-A697-855BB8CE03C7}"
EndProject
Global
	GlobalSection(SolutionConfigurationPlatforms) = preSolution
		Debug|x64 = Debug|x64
		Debug|x86 = Debug|x86
		Release|x64 = Release|x64
		Release|x86 = Release|x86
	EndGlobalSection
	GlobalSection(ProjectConfigurationPlatforms) = postSolution
		{91A58BCF-2CD4-47B9-A697-855BB8CE03C7}.Debug|x64.ActiveCfg = Debug|x64
		{91A58BCF-2CD4-47B9-A697-855BB8CE03C7}.Debug|x64.Build.0 = Debug|x64
		{91A58BCF-2CD4-47B9-A697-855BB8CE03C7}.Debug|x86.ActiveCfg = Debug|Win32
		{91A58BCF-2CD4-47B9-A697-855BB8CE03C7}.Debug|x86.Build.0 = Debug|Win32
		{91A58BCF-2CD4-47B9-A697-855BB8CE03C7}.Release|x64.ActiveCfg = Release|x64
		{91A58BCF-2CD4-47B9-A697-855BB8CE03C7}.Release|x64.Build.0 = Release|x64
		{91A58BCF-2CD4-47B9-A697-855BB8CE03C7}.Release|x86.ActiveCfg = Release|Win32
		{91A58BCF-2CD4-47B9-A697-855BB8CE03C7}.Release|x86.Build.0 = Release|Win32
	EndGlobalSection
	GlobalSection(SolutionProperties) = preSolution
		HideSolutionNode = FALSE
	EndGlobalSection
	GlobalSection(ExtensibilityGlobals) = postSolution
		SolutionGuid = {D3ABF08E-B920-4E6E-ACCB-C6A7D4E448BC}
	EndGlobalSection
EndGlobal
